
Microsoft Visual Studio Solution File, Format Version 12.00
# Visual Studio Version 16
VisualStudioVersion = 16.0.30523.141
MinimumVisualStudioVersion = 10.0.40219.1
Project("{FAE04EC0-301F-11D3-BF4B-00C04F79EFBC}") = "ShopShoes", "ShopShoes\ShopShoes.csproj", "{1ADC96AA-EFC7-446D-93A3-1A670F8C4782}"
EndProject
Global
	GlobalSection(SolutionConfigurationPlatforms) = preSolution
		Debug|Any CPU = Debug|Any CPU
		Release|Any CPU = Release|Any CPU
	EndGlobalSection
	GlobalSection(ProjectConfigurationPlatforms) = postSolution
		{1ADC96AA-EFC7-446D-93A3-1A670F8C4782}.Debug|Any CPU.ActiveCfg = Debug|Any CPU
		{1ADC96AA-EFC7-446D-93A3-1A670F8C4782}.Debug|Any CPU.Build.0 = Debug|Any CPU
		{1ADC96AA-EFC7-446D-93A3-1A670F8C4782}.Release|Any CPU.ActiveCfg = Release|Any CPU
		{1ADC96AA-EFC7-446D-93A3-1A670F8C4782}.Release|Any CPU.Build.0 = Release|Any CPU
	EndGlobalSection
	GlobalSection(SolutionProperties) = preSolution
		HideSolutionNode = FALSE
	EndGlobalSection
	GlobalSection(ExtensibilityGlobals) = postSolution
		SolutionGuid = {69217F37-DEE1-4F50-97F6-0838A0576E8F}
	EndGlobalSection
EndGlobal
